
Microsoft Visual Studio Solution File, Format Version 12.00
# Visual Studio 15
VisualStudioVersion = 15.0.28010.2036
MinimumVisualStudioVersion = 10.0.40219.1
Project("{8BC9CEB8-8B4A-11D0-8D11-00A0C91BC942}") = "CG CW2", "CG CW2\CG CW2.vcxproj", "{70FD3F9E-5F8B-446B-9DC3-C951F28CA211}"
EndProject
Global
	GlobalSection(SolutionConfigurationPlatforms) = preSolution
		Debug|x64 = Debug|x64
		Debug|x86 = Debug|x86
		Release|x64 = Release|x64
		Release|x86 = Release|x86
	EndGlobalSection
	GlobalSection(ProjectConfigurationPlatforms) = postSolution
		{70FD3F9E-5F8B-446B-9DC3-C951F28CA211}.Debug|x64.ActiveCfg = Debug|x64
		{70FD3F9E-5F8B-446B-9DC3-C951F28CA211}.Debug|x64.Build.0 = Debug|x64
		{70FD3F9E-5F8B-446B-9DC3-C951F28CA211}.Debug|x86.ActiveCfg = Debug|Win32
		{70FD3F9E-5F8B-446B-9DC3-C951F28CA211}.Debug|x86.Build.0 = Debug|Win32
		{70FD3F9E-5F8B-446B-9DC3-C951F28CA211}.Release|x64.ActiveCfg = Release|x64
		{70FD3F9E-5F8B-446B-9DC3-C951F28CA211}.Release|x64.Build.0 = Release|x64
		{70FD3F9E-5F8B-446B-9DC3-C951F28CA211}.Release|x86.ActiveCfg = Release|Win32
		{70FD3F9E-5F8B-446B-9DC3-C951F28CA211}.Release|x86.Build.0 = Release|Win32
	EndGlobalSection
	GlobalSection(SolutionProperties) = preSolution
		HideSolutionNode = FALSE
	EndGlobalSection
	GlobalSection(ExtensibilityGlobals) = postSolution
		SolutionGuid = {956C1CCD-DD5A-48C2-A106-736339C7642B}
	EndGlobalSection
EndGlobal
